// !$*UTF8*$!
{
	archiveVersion = 1;
	classes = {
	};
	objectVersion = 46;
	objects = {

/* Begin PBXBuildFile section */
		A33C6FEE1A3CC71500431882 /* hud.m in Sources */ = {isa = PBXBuildFile; fileRef = A33C6FEA1A3CC71500431882 /* hud.m */; };
		A33C6FEF1A3CC71500431882 /* hudLoader.m in Sources */ = {isa = PBXBuildFile; fileRef = A33C6FEC1A3CC71500431882 /* hudLoader.m */; };
		A33C6FF01A3CC71500431882 /* loader-view.xib in Resources */ = {isa = PBXBuildFile; fileRef = A33C6FED1A3CC71500431882 /* loader-view.xib */; };
		A3930ADE1A45460400CE0872 /* spinner.png in Resources */ = {isa = PBXBuildFile; fileRef = A3930ADD1A45460400CE0872 /* spinner.png */; };
		A3D6210E1A3840B800E76DBE /* main.m in Sources */ = {isa = PBXBuildFile; fileRef = A3D6210D1A3840B800E76DBE /* main.m */; };
		A3D621111A3840B800E76DBE /* AppDelegate.m in Sources */ = {isa = PBXBuildFile; fileRef = A3D621101A3840B800E76DBE /* AppDelegate.m */; };
		A3D621141A3840B800E76DBE /* ViewController.m in Sources */ = {isa = PBXBuildFile; fileRef = A3D621131A3840B800E76DBE /* ViewController.m */; };
		A3D621171A3840B800E76DBE /* Main.storyboard in Resources */ = {isa = PBXBuildFile; fileRef = A3D621151A3840B800E76DBE /* Main.storyboard */; };
		A3D621191A3840B800E76DBE /* Images.xcassets in Resources */ = {isa = PBXBuildFile; fileRef = A3D621181A3840B800E76DBE /* Images.xcassets */; };
		A3D6211C1A3840B800E76DBE /* LaunchScreen.xib in Resources */ = {isa = PBXBuildFile; fileRef = A3D6211A1A3840B800E76DBE /* LaunchScreen.xib */; };
		A3D621281A3840B800E76DBE /* hud_fbLoaderTests.m in Sources */ = {isa = PBXBuildFile; fileRef = A3D621271A3840B800E76DBE /* hud_fbLoaderTests.m */; };
/* End PBXBuildFile section */

/* Begin PBXContainerItemProxy section */
		A3D621221A3840B800E76DBE /* PBXContainerItemProxy */ = {
			isa = PBXContainerItemProxy;
			containerPortal = A3D621001A3840B800E76DBE /* Project object */;
			proxyType = 1;
			remoteGlobalIDString = A3D621071A3840B800E76DBE;
			remoteInfo = "hud-fbLoader";
		};
/* End PBXContainerItemProxy section */

/* Begin PBXFileReference section */
		A33C6FE91A3CC71500431882 /* hud.h */ = {isa = PBXFileReference; fileEncoding = 4; lastKnownFileType = sourcecode.c.h; path = hud.h; sourceTree = "<group>"; };
		A33C6FEA1A3CC71500431882 /* hud.m */ = {isa = PBXFileReference; fileEncoding = 4; lastKnownFileType = sourcecode.c.objc; path = hud.m; sourceTree = "<group>"; };
		A33C6FEB1A3CC71500431882 /* hudLoader.h */ = {isa = PBXFileReference; fileEncoding = 4; lastKnownFileType = sourcecode.c.h; path = hudLoader.h; sourceTree = "<group>"; };
		A33C6FEC1A3CC71500431882 /* hudLoader.m */ = {isa = PBXFileReference; fileEncoding = 4; lastKnownFileType = sourcecode.c.objc; path = hudLoader.m; sourceTree = "<group>"; };
		A33C6FED1A3CC71500431882 /* loader-view.xib */ = {isa = PBXFileReference; fileEncoding = 4; lastKnownFileType = file.xib; path = "loader-view.xib"; sourceTree = "<group>"; };
		A3930ADD1A45460400CE0872 /* spinner.png */ = {isa = PBXFileReference; lastKnownFileType = image.png; path = spinner.png; sourceTree = "<group>"; };
		A3D621081A3840B800E76DBE /* hud-fbLoader.app */ = {isa = PBXFileReference; explicitFileType = wrapper.application; includeInIndex = 0; path = "hud-fbLoader.app"; sourceTree = BUILT_PRODUCTS_DIR; };
		A3D6210C1A3840B800E76DBE /* Info.plist */ = {isa = PBXFileReference; lastKnownFileType = text.plist.xml; path = Info.plist; sourceTree = "<group>"; };
		A3D6210D1A3840B800E76DBE /* main.m */ = {isa = PBXFileReference; lastKnownFileType = sourcecode.c.objc; path = main.m; sourceTree = "<group>"; };
		A3D6210F1A3840B800E76DBE /* AppDelegate.h */ = {isa = PBXFileReference; lastKnownFileType = sourcecode.c.h; path = AppDelegate.h; sourceTree = "<group>"; };
		A3D621101A3840B800E76DBE /* AppDelegate.m */ = {isa = PBXFileReference; lastKnownFileType = sourcecode.c.objc; path = AppDelegate.m; sourceTree = "<group>"; };
		A3D621121A3840B800E76DBE /* ViewController.h */ = {isa = PBXFileReference; lastKnownFileType = sourcecode.c.h; path = ViewController.h; sourceTree = "<group>"; };
		A3D621131A3840B800E76DBE /* ViewController.m */ = {isa = PBXFileReference; lastKnownFileType = sourcecode.c.objc; path = ViewController.m; sourceTree = "<group>"; };
		A3D621161A3840B800E76DBE /* Base */ = {isa = PBXFileReference; lastKnownFileType = file.storyboard; name = Base; path = Base.lproj/Main.storyboard; sourceTree = "<group>"; };
		A3D621181A3840B800E76DBE /* Images.xcassets */ = {isa = PBXFileReference; lastKnownFileType = folder.assetcatalog; path = Images.xcassets; sourceTree = "<group>"; };
		A3D6211B1A3840B800E76DBE /* Base */ = {isa = PBXFileReference; lastKnownFileType = file.xib; name = Base; path = Base.lproj/LaunchScreen.xib; sourceTree = "<group>"; };
		A3D621211A3840B800E76DBE /* hud-fbLoaderTests.xctest */ = {isa = PBXFileReference; explicitFileType = wrapper.cfbundle; includeInIndex = 0; path = "hud-fbLoaderTests.xctest"; sourceTree = BUILT_PRODUCTS_DIR; };
		A3D621261A3840B800E76DBE /* Info.plist */ = {isa = PBXFileReference; lastKnownFileType = text.plist.xml; path = Info.plist; sourceTree = "<group>"; };
		A3D621271A3840B800E76DBE /* hud_fbLoaderTests.m */ = {isa = PBXFileReference; lastKnownFileType = sourcecode.c.objc; path = hud_fbLoaderTests.m; sourceTree = "<group>"; };
/* End PBXFileReference section */

/* Begin PBXFrameworksBuildPhase section */
		A3D621051A3840B800E76DBE /* Frameworks */ = {
			isa = PBXFrameworksBuildPhase;
			buildActionMask = 2147483647;
			files = (
			);
			runOnlyForDeploymentPostprocessing = 0;
		};
		A3D6211E1A3840B800E76DBE /* Frameworks */ = {
			isa = PBXFrameworksBuildPhase;
			buildActionMask = 2147483647;
			files = (
			);
			runOnlyForDeploymentPostprocessing = 0;
		};
/* End PBXFrameworksBuildPhase section */

/* Begin PBXGroup section */
		A33C6FE81A3CC71500431882 /* FBProgressHUD */ = {
			isa = PBXGroup;
			children = (
				A33C6FE91A3CC71500431882 /* hud.h */,
				A33C6FEA1A3CC71500431882 /* hud.m */,
				A33C6FEB1A3CC71500431882 /* hudLoader.h */,
				A33C6FEC1A3CC71500431882 /* hudLoader.m */,
				A33C6FED1A3CC71500431882 /* loader-view.xib */,
			);
			name = FBProgressHUD;
			path = "hud-fbLoader/FBProgressHUD";
			sourceTree = "<group>";
		};
		A3D620FF1A3840B800E76DBE = {
			isa = PBXGroup;
			children = (
				A33C6FE81A3CC71500431882 /* FBProgressHUD */,
				A3D6210A1A3840B800E76DBE /* hud-fbLoader */,
				A3D621241A3840B800E76DBE /* hud-fbLoaderTests */,
				A3D621091A3840B800E76DBE /* Products */,
			);
			sourceTree = "<group>";
		};
		A3D621091A3840B800E76DBE /* Products */ = {
			isa = PBXGroup;
			children = (
				A3D621081A3840B800E76DBE /* hud-fbLoader.app */,
				A3D621211A3840B800E76DBE /* hud-fbLoaderTests.xctest */,
			);
			name = Products;
			sourceTree = "<group>";
		};
		A3D6210A1A3840B800E76DBE /* hud-fbLoader */ = {
			isa = PBXGroup;
			children = (
				A3D6210F1A3840B800E76DBE /* AppDelegate.h */,
				A3D621101A3840B800E76DBE /* AppDelegate.m */,
				A3D621121A3840B800E76DBE /* ViewController.h */,
				A3D621131A3840B800E76DBE /* ViewController.m */,
				A3D621151A3840B800E76DBE /* Main.storyboard */,
				A3D621181A3840B800E76DBE /* Images.xcassets */,
				A3D6211A1A3840B800E76DBE /* LaunchScreen.xib */,
				A3D6210B1A3840B800E76DBE /* Supporting Files */,
			);
			path = "hud-fbLoader";
			sourceTree = "<group>";
		};
		A3D6210B1A3840B800E76DBE /* Supporting Files */ = {
			isa = PBXGroup;
			children = (
				A3D6210C1A3840B800E76DBE /* Info.plist */,
				A3D6210D1A3840B800E76DBE /* main.m */,
				A3930ADD1A45460400CE0872 /* spinner.png */,
			);
			name = "Supporting Files";
			sourceTree = "<group>";
		};
		A3D621241A3840B800E76DBE /* hud-fbLoaderTests */ = {
			isa = PBXGroup;
			children = (
				A3D621271A3840B800E76DBE /* hud_fbLoaderTests.m */,
				A3D621251A3840B800E76DBE /* Supporting Files */,
			);
			path = "hud-fbLoaderTests";
			sourceTree = "<group>";
		};
		A3D621251A3840B800E76DBE /* Supporting Files */ = {
			isa = PBXGroup;
			children = (
				A3D621261A3840B800E76DBE /* Info.plist */,
			);
			name = "Supporting Files";
			sourceTree = "<group>";
		};
/* End PBXGroup section */

/* Begin PBXNativeTarget section */
		A3D621071A3840B800E76DBE /* hud-fbLoader */ = {
			isa = PBXNativeTarget;
			buildConfigurationList = A3D6212B1A3840B800E76DBE /* Build configuration list for PBXNativeTarget "hud-fbLoader" */;
			buildPhases = (
				A3D621041A3840B800E76DBE /* Sources */,
				A3D621051A3840B800E76DBE /* Frameworks */,
				A3D621061A3840B800E76DBE /* Resources */,
			);
			buildRules = (
			);
			dependencies = (
			);
			name = "hud-fbLoader";
			productName = "hud-fbLoader";
			productReference = A3D621081A3840B800E76DBE /* hud-fbLoader.app */;
			productType = "com.apple.product-type.application";
		};
		A3D621201A3840B800E76DBE /* hud-fbLoaderTests */ = {
			isa = PBXNativeTarget;
			buildConfigurationList = A3D6212E1A3840B800E76DBE /* Build configuration list for PBXNativeTarget "hud-fbLoaderTests" */;
			buildPhases = (
				A3D6211D1A3840B800E76DBE /* Sources */,
				A3D6211E1A3840B800E76DBE /* Frameworks */,
				A3D6211F1A3840B800E76DBE /* Resources */,
			);
			buildRules = (
			);
			dependencies = (
				A3D621231A3840B800E76DBE /* PBXTargetDependency */,
			);
			name = "hud-fbLoaderTests";
			productName = "hud-fbLoaderTests";
			productReference = A3D621211A3840B800E76DBE /* hud-fbLoaderTests.xctest */;
			productType = "com.apple.product-type.bundle.unit-test";
		};
/* End PBXNativeTarget section */

/* Begin PBXProject section */
		A3D621001A3840B800E76DBE /* Project object */ = {
			isa = PBXProject;
			attributes = {
				LastUpgradeCheck = 0610;
				ORGANIZATIONNAME = LUGManipal;
				TargetAttributes = {
					A3D621071A3840B800E76DBE = {
						CreatedOnToolsVersion = 6.1.1;
					};
					A3D621201A3840B800E76DBE = {
						CreatedOnToolsVersion = 6.1.1;
						TestTargetID = A3D621071A3840B800E76DBE;
					};
				};
			};
			buildConfigurationList = A3D621031A3840B800E76DBE /* Build configuration list for PBXProject "hud-fbLoader" */;
			compatibilityVersion = "Xcode 3.2";
			developmentRegion = English;
			hasScannedForEncodings = 0;
			knownRegions = (
				en,
				Base,
			);
			mainGroup = A3D620FF1A3840B800E76DBE;
			productRefGroup = A3D621091A3840B800E76DBE /* Products */;
			projectDirPath = "";
			projectRoot = "";
			targets = (
				A3D621071A3840B800E76DBE /* hud-fbLoader */,
				A3D621201A3840B800E76DBE /* hud-fbLoaderTests */,
			);
		};
/* End PBXProject section */

/* Begin PBXResourcesBuildPhase section */
		A3D621061A3840B800E76DBE /* Resources */ = {
			isa = PBXResourcesBuildPhase;
			buildActionMask = 2147483647;
			files = (
				A3930ADE1A45460400CE0872 /* spinner.png in Resources */,
				A3D621171A3840B800E76DBE /* Main.storyboard in Resources */,
				A3D6211C1A3840B800E76DBE /* LaunchScreen.xib in Resources */,
				A3D621191A3840B800E76DBE /* Images.xcassets in Resources */,
				A33C6FF01A3CC71500431882 /* loader-view.xib in Resources */,
			);
			runOnlyForDeploymentPostprocessing = 0;
		};
		A3D6211F1A3840B800E76DBE /* Resources */ = {
			isa = PBXResourcesBuildPhase;
			buildActionMask = 2147483647;
			files = (
			);
			runOnlyForDeploymentPostprocessing = 0;
		};
/* End PBXResourcesBuildPhase section */

/* Begin PBXSourcesBuildPhase section */
		A3D621041A3840B800E76DBE /* Sources */ = {
			isa = PBXSourcesBuildPhase;
			buildActionMask = 2147483647;
			files = (
				A33C6FEF1A3CC71500431882 /* hudLoader.m in Sources */,
				A3D621141A3840B800E76DBE /* ViewController.m in Sources */,
				A33C6FEE1A3CC71500431882 /* hud.m in Sources */,
				A3D621111A3840B800E76DBE /* AppDelegate.m in Sources */,
				A3D6210E1A3840B800E76DBE /* main.m in Sources */,
			);
			runOnlyForDeploymentPostprocessing = 0;
		};
		A3D6211D1A3840B800E76DBE /* Sources */ = {
			isa = PBXSourcesBuildPhase;
			buildActionMask = 2147483647;
			files = (
				A3D621281A3840B800E76DBE /* hud_fbLoaderTests.m in Sources */,
			);
			runOnlyForDeploymentPostprocessing = 0;
		};
/* End PBXSourcesBuildPhase section */

/* Begin PBXTargetDependency section */
		A3D621231A3840B800E76DBE /* PBXTargetDependency */ = {
			isa = PBXTargetDependency;
			target = A3D621071A3840B800E76DBE /* hud-fbLoader */;
			targetProxy = A3D621221A3840B800E76DBE /* PBXContainerItemProxy */;
		};
/* End PBXTargetDependency section */

/* Begin PBXVariantGroup section */
		A3D621151A3840B800E76DBE /* Main.storyboard */ = {
			isa = PBXVariantGroup;
			children = (
				A3D621161A3840B800E76DBE /* Base */,
			);
			name = Main.storyboard;
			sourceTree = "<group>";
		};
		A3D6211A1A3840B800E76DBE /* LaunchScreen.xib */ = {
			isa = PBXVariantGroup;
			children = (
				A3D6211B1A3840B800E76DBE /* Base */,
			);
			name = LaunchScreen.xib;
			sourceTree = "<group>";
		};
/* End PBXVariantGroup section */

/* Begin XCBuildConfiguration section */
		A3D621291A3840B800E76DBE /* Debug */ = {
			isa = XCBuildConfiguration;
			buildSettings = {
				ALWAYS_SEARCH_USER_PATHS = NO;
				CLANG_CXX_LANGUAGE_STANDARD = "gnu++0x";
				CLANG_CXX_LIBRARY = "libc++";
				CLANG_ENABLE_MODULES = YES;
				CLANG_ENABLE_OBJC_ARC = YES;
				CLANG_WARN_BOOL_CONVERSION = YES;
				CLANG_WARN_CONSTANT_CONVERSION = YES;
				CLANG_WARN_DIRECT_OBJC_ISA_USAGE = YES_ERROR;
				CLANG_WARN_EMPTY_BODY = YES;
				CLANG_WARN_ENUM_CONVERSION = YES;
				CLANG_WARN_INT_CONVERSION = YES;
				CLANG_WARN_OBJC_ROOT_CLASS = YES_ERROR;
				CLANG_WARN_UNREACHABLE_CODE = YES;
				CLANG_WARN__DUPLICATE_METHOD_MATCH = YES;
				"CODE_SIGN_IDENTITY[sdk=iphoneos*]" = "iPhone Developer";
				COPY_PHASE_STRIP = NO;
				ENABLE_STRICT_OBJC_MSGSEND = YES;
				GCC_C_LANGUAGE_STANDARD = gnu99;
				GCC_DYNAMIC_NO_PIC = NO;
				GCC_OPTIMIZATION_LEVEL = 0;
				GCC_PREPROCESSOR_DEFINITIONS = (
					"DEBUG=1",
					"$(inherited)",
				);
				GCC_SYMBOLS_PRIVATE_EXTERN = NO;
				GCC_WARN_64_TO_32_BIT_CONVERSION = YES;
				GCC_WARN_ABOUT_RETURN_TYPE = YES_ERROR;
				GCC_WARN_UNDECLARED_SELECTOR = YES;
				GCC_WARN_UNINITIALIZED_AUTOS = YES_AGGRESSIVE;
				GCC_WARN_UNUSED_FUNCTION = YES;
				GCC_WARN_UNUSED_VARIABLE = YES;
				IPHONEOS_DEPLOYMENT_TARGET = 8.1;
				MTL_ENABLE_DEBUG_INFO = YES;
				ONLY_ACTIVE_ARCH = YES;
				SDKROOT = iphoneos;
			};
			name = Debug;
		};
		A3D6212A1A3840B800E76DBE /* Release */ = {
			isa = XCBuildConfiguration;
			buildSettings = {
				ALWAYS_SEARCH_USER_PATHS = NO;
				CLANG_CXX_LANGUAGE_STANDARD = "gnu++0x";
				CLANG_CXX_LIBRARY = "libc++";
				CLANG_ENABLE_MODULES = YES;
				CLANG_ENABLE_OBJC_ARC = YES;
				CLANG_WARN_BOOL_CONVERSION = YES;
				CLANG_WARN_CONSTANT_CONVERSION = YES;
				CLANG_WARN_DIRECT_OBJC_ISA_USAGE = YES_ERROR;
				CLANG_WARN_EMPTY_BODY = YES;
				CLANG_WARN_ENUM_CONVERSION = YES;
				CLANG_WARN_INT_CONVERSION = YES;
				CLANG_WARN_OBJC_ROOT_CLASS = YES_ERROR;
				CLANG_WARN_UNREACHABLE_CODE = YES;
				CLANG_WARN__DUPLICATE_METHOD_MATCH = YES;
				"CODE_SIGN_IDENTITY[sdk=iphoneos*]" = "iPhone Developer";
				COPY_PHASE_STRIP = YES;
				ENABLE_NS_ASSERTIONS = NO;
				ENABLE_STRICT_OBJC_MSGSEND = YES;
				GCC_C_LANGUAGE_STANDARD = gnu99;
				GCC_WARN_64_TO_32_BIT_CONVERSION = YES;
				GCC_WARN_ABOUT_RETURN_TYPE = YES_ERROR;
				GCC_WARN_UNDECLARED_SELECTOR = YES;
				GCC_WARN_UNINITIALIZED_AUTOS = YES_AGGRESSIVE;
				GCC_WARN_UNUSED_FUNCTION = YES;
				GCC_WARN_UNUSED_VARIABLE = YES;
				IPHONEOS_DEPLOYMENT_TARGET = 8.1;
				MTL_ENABLE_DEBUG_INFO = NO;
				SDKROOT = iphoneos;
				VALIDATE_PRODUCT = YES;
			};
			name = Release;
		};
		A3D6212C1A3840B800E76DBE /* Debug */ = {
			isa = XCBuildConfiguration;
			buildSettings = {
				ASSETCATALOG_COMPILER_APPICON_NAME = AppIcon;
				INFOPLIST_FILE = "hud-fbLoader/Info.plist";
				LD_RUNPATH_SEARCH_PATHS = "$(inherited) @executable_path/Frameworks";
				PRODUCT_NAME = "$(TARGET_NAME)";
			};
			name = Debug;
		};
		A3D6212D1A3840B800E76DBE /* Release */ = {
			isa = XCBuildConfiguration;
			buildSettings = {
				ASSETCATALOG_COMPILER_APPICON_NAME = AppIcon;
				INFOPLIST_FILE = "hud-fbLoader/Info.plist";
				LD_RUNPATH_SEARCH_PATHS = "$(inherited) @executable_path/Frameworks";
				PRODUCT_NAME = "$(TARGET_NAME)";
			};
			name = Release;
		};
		A3D6212F1A3840B800E76DBE /* Debug */ = {
			isa = XCBuildConfiguration;
			buildSettings = {
				BUNDLE_LOADER = "$(TEST_HOST)";
				FRAMEWORK_SEARCH_PATHS = (
					"$(SDKROOT)/Developer/Library/Frameworks",
					"$(inherited)",
				);
				GCC_PREPROCESSOR_DEFINITIONS = (
					"DEBUG=1",
					"$(inherited)",
				);
				INFOPLIST_FILE = "hud-fbLoaderTests/Info.plist";
				LD_RUNPATH_SEARCH_PATHS = "$(inherited) @executable_path/Frameworks @loader_path/Frameworks";
				PRODUCT_NAME = "$(TARGET_NAME)";
				TEST_HOST = "$(BUILT_PRODUCTS_DIR)/hud-fbLoader.app/hud-fbLoader";
			};
			name = Debug;
		};
		A3D621301A3840B800E76DBE /* Release */ = {
			isa = XCBuildConfiguration;
			buildSettings = {
				BUNDLE_LOADER = "$(TEST_HOST)";
				FRAMEWORK_SEARCH_PATHS = (
					"$(SDKROOT)/Developer/Library/Frameworks",
					"$(inherited)",
				);
				INFOPLIST_FILE = "hud-fbLoaderTests/Info.plist";
				LD_RUNPATH_SEARCH_PATHS = "$(inherited) @executable_path/Frameworks @loader_path/Frameworks";
				PRODUCT_NAME = "$(TARGET_NAME)";
				TEST_HOST = "$(BUILT_PRODUCTS_DIR)/hud-fbLoader.app/hud-fbLoader";
			};
			name = Release;
		};
/* End XCBuildConfiguration section */

/* Begin XCConfigurationList section */
		A3D621031A3840B800E76DBE /* Build configuration list for PBXProject "hud-fbLoader" */ = {
			isa = XCConfigurationList;
			buildConfigurations = (
				A3D621291A3840B800E76DBE /* Debug */,
				A3D6212A1A3840B800E76DBE /* Release */,
			);
			defaultConfigurationIsVisible = 0;
			defaultConfigurationName = Release;
		};
		A3D6212B1A3840B800E76DBE /* Build configuration list for PBXNativeTarget "hud-fbLoader" */ = {
			isa = XCConfigurationList;
			buildConfigurations = (
				A3D6212C1A3840B800E76DBE /* Debug */,
				A3D6212D1A3840B800E76DBE /* Release */,
			);
			defaultConfigurationIsVisible = 0;
			defaultConfigurationName = Release;
		};
		A3D6212E1A3840B800E76DBE /* Build configuration list for PBXNativeTarget "hud-fbLoaderTests" */ = {
			isa = XCConfigurationList;
			buildConfigurations = (
				A3D6212F1A3840B800E76DBE /* Debug */,
				A3D621301A3840B800E76DBE /* Release */,
			);
			defaultConfigurationIsVisible = 0;
			defaultConfigurationName = Release;
		};
/* End XCConfigurationList section */
	};
	rootObject = A3D621001A3840B800E76DBE /* Project object */;
}
